
Microsoft Visual Studio Solution File, Format Version 12.00
Project("{FAE04EC0-301F-11D3-BF4B-00C04F79EFBC}") = "Threads_001", "Threads_001\Threads_001.csproj", "{CAD0BCE8-998E-4502-8994-3E8F6120DC6A}"
EndProject
Project("{FAE04EC0-301F-11D3-BF4B-00C04F79EFBC}") = "Threads_002", "Threads_002\Threads_002.csproj", "{CC53831B-8C45-4F77-B048-2FE46D52D98F}"
EndProject
Project("{FAE04EC0-301F-11D3-BF4B-00C04F79EFBC}") = "Threads_002_PointerExample", "Threads_002_PointerExample\Threads_002_PointerExample.csproj", "{7B2DE79D-4DF9-4531-95F9-B84E87D4F2B2}"
EndProject
Project("{FAE04EC0-301F-11D3-BF4B-00C04F79EFBC}") = "Threads_003", "Threads_003\Threads_003.csproj", "{D58302BD-CDA4-4B50-B15B-04374BFEF4DB}"
EndProject
Global
	GlobalSection(SolutionConfigurationPlatforms) = preSolution
		Debug|Any CPU = Debug|Any CPU
		Release|Any CPU = Release|Any CPU
	EndGlobalSection
	GlobalSection(ProjectConfigurationPlatforms) = postSolution
		{CAD0BCE8-998E-4502-8994-3E8F6120DC6A}.Debug|Any CPU.ActiveCfg = Debug|Any CPU
		{CAD0BCE8-998E-4502-8994-3E8F6120DC6A}.Debug|Any CPU.Build.0 = Debug|Any CPU
		{CAD0BCE8-998E-4502-8994-3E8F6120DC6A}.Release|Any CPU.ActiveCfg = Release|Any CPU
		{CAD0BCE8-998E-4502-8994-3E8F6120DC6A}.Release|Any CPU.Build.0 = Release|Any CPU
		{CC53831B-8C45-4F77-B048-2FE46D52D98F}.Debug|Any CPU.ActiveCfg = Debug|Any CPU
		{CC53831B-8C45-4F77-B048-2FE46D52D98F}.Debug|Any CPU.Build.0 = Debug|Any CPU
		{CC53831B-8C45-4F77-B048-2FE46D52D98F}.Release|Any CPU.ActiveCfg = Release|Any CPU
		{CC53831B-8C45-4F77-B048-2FE46D52D98F}.Release|Any CPU.Build.0 = Release|Any CPU
		{7B2DE79D-4DF9-4531-95F9-B84E87D4F2B2}.Debug|Any CPU.ActiveCfg = Debug|Any CPU
		{7B2DE79D-4DF9-4531-95F9-B84E87D4F2B2}.Debug|Any CPU.Build.0 = Debug|Any CPU
		{7B2DE79D-4DF9-4531-95F9-B84E87D4F2B2}.Release|Any CPU.ActiveCfg = Release|Any CPU
		{7B2DE79D-4DF9-4531-95F9-B84E87D4F2B2}.Release|Any CPU.Build.0 = Release|Any CPU
		{D58302BD-CDA4-4B50-B15B-04374BFEF4DB}.Debug|Any CPU.ActiveCfg = Debug|Any CPU
		{D58302BD-CDA4-4B50-B15B-04374BFEF4DB}.Debug|Any CPU.Build.0 = Debug|Any CPU
		{D58302BD-CDA4-4B50-B15B-04374BFEF4DB}.Release|Any CPU.ActiveCfg = Release|Any CPU
		{D58302BD-CDA4-4B50-B15B-04374BFEF4DB}.Release|Any CPU.Build.0 = Release|Any CPU
	EndGlobalSection
EndGlobal
